{
  "version": 3,
  "mopsTomlDepsHash": "1089e94e96f644ae2d4b82548498e4ba7cc095d71adae392e1bcf8f804debbfb",
  "deps": {
    "base": "0.15.1",
    "base16": "1.0.0",
    "bench": "1.0.0",
    "btree": "https://github.com/canscale/StableHeapBTreeMap#v0.3.2",
    "cycles-manager": "https://github.com/CycleOperators/cycles-manager#master@da19c675032aa418b069e979d9f391a36c053a9c",
    "ic": "3.0.0",
    "icrc1-types": "1.0.0",
    "iterext": "https://github.com/timohanke/motoko-iterext#v2.0.0",
    "map": "9.0.1",
    "sha2": "0.1.6",
    "sha3": "0.1.1",
    "test": "2.1.1"
  },
  "graph": {
    "base16@1.0.0": {
      "base": "0.13.2"
    },
    "base@0.10.1": {},
    "base@0.13.2": {},
    "base@0.14.14": {},
    "base@0.14.5": {},
    "base@0.15.1": {},
    "base@0.8.2": {},
    "bench@1.0.0": {
      "base": "0.10.1"
    },
    "ic@3.0.0": {
      "base": "0.14.14"
    },
    "icrc1-types@1.0.0": {},
    "map@9.0.1": {},
    "sha2@0.1.6": {
      "base": "0.14.14"
    },
    "sha3@0.1.1": {
      "base": "0.8.2",
      "iterext": "https://github.com/timohanke/motoko-iterext#v2.0.0"
    },
    "test@2.1.1": {
      "base": "0.14.5"
    }
  },
  "github": {
    "btree": {
      "resolved": "9561ad0f24ee3919036bb26413a77dd4b14597e0",
      "hash": "6c1184f6346d2d22f79aae7d642da062f23f10ba928812d389cb2a43074217fd"
    },
    "cycles-manager": {
      "resolved": "da19c675032aa418b069e979d9f391a36c053a9c",
      "hash": "583f1bc1a3bc6290763e0f5ba16b71fb042f770eb1ed894a7bdf35ce7fab9bea"
    },
    "iterext": {
      "resolved": "6c05ff069e00eabdd2fc700d7457878d72dafaa9",
      "hash": "9c0ddd55b0932d27a29add2c1e2f0a1a3abc5561aeaf21babefc065ccb191d0a"
    }
  },
  "hashes": {
    "base16@1.0.0": {
      "base16@1.0.0/README.md": "9d868b2e86125ad40c3ddba836b2ea5daabf7e507fc87a735cdb8b2a3e451652",
      "base16@1.0.0/mops.toml": "9979489e36726f60c11f1332925ac7b39244b9fd58309a7f5890c7fdca902f7c",
      "base16@1.0.0/src/Base16.mo": "8c682ef040a1e77ca171df1cb5b308c3a5734246f4c611aaccbfa593dd747cd5"
    },
    "base@0.15.1": {
      "base@0.15.1/LICENSE": "166bd8e8cf7790087d1fd18a9fa4d060cc0d0b3e5ab30689aa5f3a59a93386bf",
      "base@0.15.1/NOTICE": "3960a8d25fa5fc909325817b08b36c1146970930ca15b6352f8ea6db803cab47",
      "base@0.15.1/README.md": "f861762bc648759297be91a82981acfb2a160f9e1cfee063526b640b05a9c435",
      "base@0.15.1/mops.toml": "c13fbb7b8dfd1b135e97b439cfe01b43a8ca924ccb0c7142f6f20e04185969f0",
      "base@0.15.1/src/Array.mo": "dbf9ed7bfccb959356ee5250da58b43c2ddb1ee68173be04b365c5317564e134",
      "base@0.15.1/src/AssocList.mo": "e2e123d96d907ada614435ecef9a223678db79f3b0a411d85e59d5c0a6566438",
      "base@0.15.1/src/Blob.mo": "61a48166c8bdc4cf1220fd11f645566699fa064a2b2aa8174388aae4eef6a532",
      "base@0.15.1/src/Bool.mo": "65faf01dc6e3609ed2f729b813811506951adcce71c081fc6edcdbae4c8b1169",
      "base@0.15.1/src/Buffer.mo": "fdb20bbec95107f48974c706ed3420be8507e3654fd9371036b7416b45821388",
      "base@0.15.1/src/CertifiedData.mo": "e2911a6cb533ba85ff345987d91ba92730a80ca9b6729c0b0ae1dd4631765e12",
      "base@0.15.1/src/Char.mo": "93d9e300a2a9ed72c8a1e50288b3af4cb2c6cdd31988f200dc167e3bbfe5824a",
      "base@0.15.1/src/Debug.mo": "ccccd690e0f61caac42cb75d9eb23fdbdae67053fbd8b33d47fa101dfc9af3e5",
      "base@0.15.1/src/Deque.mo": "47cac83b96adaf0d49a93f9766ed0844769b899a9b7982d46b4998157889abba",
      "base@0.15.1/src/Error.mo": "b64274e5a5dcfbf74a55ef8c2b969ff4cdd856656849ec2eb5b964c3d1ad1bf5",
      "base@0.15.1/src/ExperimentalCycles.mo": "2e905451f9e3bfb6982de5a49a2dfa3859c2bb7e0739557f93480debcab8ffef",
      "base@0.15.1/src/ExperimentalInternetComputer.mo": "9a665385f030b54c2086cebd42ae29262c00989059586242a84a4a4f6a06f1f4",
      "base@0.15.1/src/ExperimentalStableMemory.mo": "d28fb9f603fd9ebb406bc848590564b471c19cc082bbbc76c8487f0e7b211257",
      "base@0.15.1/src/Float.mo": "86d527bcc778e4520f14d47677fd24633b6a44125ec715a0368d718a1ee3d405",
      "base@0.15.1/src/Func.mo": "a1a6cfb5b1910916b610d00c05d2cc9b56a2b55ad55533583aa9e705cb82a4ed",
      "base@0.15.1/src/Hash.mo": "7546b8e08c410e705c9fb0329b3f893ca24dda72cc4ed8f2013d7c546e8beb5c",
      "base@0.15.1/src/HashMap.mo": "0de8c3ddafe0f73d62cbe2bec33d78b78e975cfc5df385d763e73d86cfe3a899",
      "base@0.15.1/src/Heap.mo": "e5c90141bda1375535f00c16b448a2328856f9673a1dc9688a2b11e3dfc8bed6",
      "base@0.15.1/src/Int.mo": "c04aeea43aeda1fde3007978589967429acc152cab3132af8ef0ca288416d97d",
      "base@0.15.1/src/Int16.mo": "51772524e6277db86d27a6b4bb2789145bd5ef72097fd7540a51eacb71fcba16",
      "base@0.15.1/src/Int32.mo": "b50026ebc57842f95a1455c865ca736eab14db54856b8810f3e8ae9227688d7f",
      "base@0.15.1/src/Int64.mo": "55558f9ffa00dd336a7658c3a34800dcea9730232ff3132ddf2b2ce507ec648f",
      "base@0.15.1/src/Int8.mo": "44e98af88ecef25ff557b130118277ac9f9bfa151699b0b42e61e7b155f2b243",
      "base@0.15.1/src/Iter.mo": "24e490f94569d708e1c979fb798feb200665bb973a29bb2cb9210148a77d2cb4",
      "base@0.15.1/src/IterType.mo": "53c840d79e7aa6eefd00552ad9ecca820f8f3be14e070c905df472893f7b4fbd",
      "base@0.15.1/src/List.mo": "961bed7fa13d0f3aa88189ceb51e5a7aeaa9b475d0857c941b2c4fec19a70656",
      "base@0.15.1/src/Nat.mo": "4180a4f92deafd7674a68427f0e250a1022c42942b435405e6f2459bce0b5536",
      "base@0.15.1/src/Nat16.mo": "787af029de5f2a5446b3c5b58ed5c07baaef2febf98d6e74c5422cac753d5d60",
      "base@0.15.1/src/Nat32.mo": "53b5530b7becc07bb4c0398cd805076d10a70cbb306a0b4ce628b9a755d068fd",
      "base@0.15.1/src/Nat64.mo": "1f5f430978ff0c27c2608e0d976573ad0864ddc8816714ddc9691141b4bed4bd",
      "base@0.15.1/src/Nat8.mo": "08db31b1cb511656df9fa50ad1ec0d42f256a6e14344896ad11b7ea1bc577b80",
      "base@0.15.1/src/None.mo": "6072c7d392b6e43c245912ed6a30f3f46f9268de5aa146848f1bf0fd5218af3e",
      "base@0.15.1/src/Option.mo": "8135b09bab4bd3a9536692cb09fbf170f3c4cbce01eea645ecbcd0368cdf834a",
      "base@0.15.1/src/Order.mo": "2d7c2f21b967e26cfb26441138779c44652476eb717fdb5ed8fb5397c54528f8",
      "base@0.15.1/src/OrderedMap.mo": "0a48d759795ee87f23df1f9d7280f9fc8c126852eacc82daf4e58e4c047b767d",
      "base@0.15.1/src/OrderedSet.mo": "cc9fb6ffad0d95b123c55c5f6b3493245852f031081901c13caf52df04411e6c",
      "base@0.15.1/src/Prelude.mo": "5a4636d33c6937279462c460e3bc1ececd14a80569a2a51fa55d3968f7bda553",
      "base@0.15.1/src/Principal.mo": "d82643351555e44690dfc10c16011b14010000431e63c30a1ec37265f5fc46d2",
      "base@0.15.1/src/RBTree.mo": "f9ad44d8bb82f55691eeef5f50b2e976d3c18e4399e950cbdcb59e91582622d7",
      "base@0.15.1/src/Random.mo": "4fffac74e85d64b2579647144ff2b40e358610ddeda23ebf9354eb1d98917803",
      "base@0.15.1/src/Region.mo": "8579f4296e26f29b565830301097d650699535131da663e1a8bca89432295754",
      "base@0.15.1/src/Result.mo": "9909afee7a1f066b25105469808c06c154611428a9a909bcf3089a501181fa5a",
      "base@0.15.1/src/Stack.mo": "992f6bd77d5ac3e4281a85a2ac96cfb04abb5b794bf8e9e08c3b558f516233f5",
      "base@0.15.1/src/Text.mo": "0abd4063229262cb2e3d658937ad000155a9eff1656412ddd9502a4d606c8cfa",
      "base@0.15.1/src/Time.mo": "4336ac0d6d9d8f516a1ba6794eb5e3577ecd3aa2aedabd09892dc7b8554b73f8",
      "base@0.15.1/src/Timer.mo": "ec1e126f05dc94a2e229dd3572b04e92e9265762d52d2c99ca8df8656e4f7788",
      "base@0.15.1/src/Trie.mo": "3ca67f2527afaf5e663bd7b227384d0b20d0ea0cfc7c532e5d95a625c0d0d6bb",
      "base@0.15.1/src/TrieMap.mo": "f09aab78476ffd158f8ab789e0692ad61aa9b1f4ac6ff3af30cdac5f5c30a7e4",
      "base@0.15.1/src/TrieSet.mo": "9c8c1821582b344de6f3910f417527ec0b565876eb2d9da09455af05117ed45a"
    },
    "bench@1.0.0": {
      "bench@1.0.0/LICENSE": "3d081f9b4a5e05c2e02a370bbfac792c81125b4efe1404f79a39359e2b923c63",
      "bench@1.0.0/README.md": "6518eca24000e53b8a662c896361fa003cbc9a3f7d98aaf76fd77679a288a224",
      "bench@1.0.0/mops.toml": "f423260f1716f4329713dfbf66343867e749e28646d29a065fac9ecd34e0ba04",
      "bench@1.0.0/src/lib.mo": "1dc6d4709abe393eb7a8496da873028deab9cac11e6c1464ffbde2f2d5151c5b"
    },
    "ic@3.0.0": {
      "ic@3.0.0/LICENSE": "b0c603803f7aa8275dcb0502968f96725b151a4f7108549584045d79ba0ec14f",
      "ic@3.0.0/README.md": "ee31014512a711643e1c93bd0a10f9af29901449b07b12a798068d755da05e8c",
      "ic@3.0.0/mops.toml": "34f41520015e349f3cd58ef469a08995856b29cec86d4869a7931429bd3b5303",
      "ic@3.0.0/src/Call.mo": "777f4075b8c06cb5a04dddcc9714538583e7402bcccff00da622c9fd487016b5",
      "ic@3.0.0/src/lib.mo": "289977f82e22f4939cbcb4bb2b11fe3e5ac78d17a926d1751cecac8dd8e87c7d"
    },
    "icrc1-types@1.0.0": {
      "icrc1-types@1.0.0/LICENSE": "b0947c3afb44121ee11b21c7b43432ba860971fb09900786af3f698d675d8209",
      "icrc1-types@1.0.0/README.md": "210e73007e923ea525dbf802d7353acd499061e048ed9b19fb07a5117ab72ce3",
      "icrc1-types@1.0.0/mops.toml": "f59b9d4631741f5cbadcc8925b8ef5bf06b2576dcaf6231256774097d43290a2",
      "icrc1-types@1.0.0/src/lib.mo": "9cbb41c2156b716fa29e4dcd1c6ca7a7af1629bcd603d2c86a1a833d29ded9f5"
    },
    "map@9.0.1": {
      "map@9.0.1/README.md": "d82170254be14dffbe42591deff3b6f5507b9efe9c2d4d416529ee0a5f8a1c77",
      "map@9.0.1/mops.toml": "2d39600b74fd262e71ab620d94bb3727ef0228d056fbc1cdd0e4742063ea74f2",
      "map@9.0.1/src/Map/const.mo": "daa2d3cd2e3f59c0793666d5d7be30e097f38bba34d1f818f72672e8ee31ecb3",
      "map@9.0.1/src/Map/lib.mo": "b04a6971d237b5869ffb21f4c061993039b5d3aa7fae9e998583c9d56f2811ad",
      "map@9.0.1/src/Map/modules/clone.mo": "26e81e881eb3ee489231233f1dc8ec25b4a3c546a9e12cc0746892a8271c316a",
      "map@9.0.1/src/Map/modules/find.mo": "2074f9bcb0fabd7d5ea7331315ba5b91926e25f35de23a1c9ef2b09bf9e8dea9",
      "map@9.0.1/src/Map/modules/fromIter.mo": "3e6791d684a59c0894e5e3fe5b4f2ccfd3117f6cfa8a57aa5617bb681420454e",
      "map@9.0.1/src/Map/modules/get.mo": "1e8683d00760fa32a3b365ce9be5d246b8773da1eaf827d9c86e43974390d3f4",
      "map@9.0.1/src/Map/modules/init.mo": "cfdbd9a081b89d36b53514d7256569822fb7583cb5623b009ae1a530b11fa3c5",
      "map@9.0.1/src/Map/modules/iterate.mo": "86c249769b5e338dce5a9b9eec4e0f9d68cc5ca637131364d78d1f263cb10030",
      "map@9.0.1/src/Map/modules/put.mo": "6f763f9eb1360e8f50cd6dcdd99d09476b5740f63efd14b350295b0742330092",
      "map@9.0.1/src/Map/modules/queue.mo": "129b5e107fe76d8c7acff3bee75b0fc78d4fd8868234769282d652d517f703b7",
      "map@9.0.1/src/Map/modules/rehash.mo": "2b5455e77226245e32ce1b06d7dbfce5d2f7eccf6f288f34dea4d7bd22c12dee",
      "map@9.0.1/src/Map/modules/remove.mo": "54151a37caa332012c1798964c83f37752cb6256b93964c7ec75df2df63420ff",
      "map@9.0.1/src/Map/modules/toArray.mo": "e0d29cbb4be5959f7741f8e5b89a571076d33aa959357fcfe1809e1e787f1f84",
      "map@9.0.1/src/Map/types.mo": "828fd9cd9ef34664fa50a149ed5c3b4ac66c937b5f47c57f183a2b9a8cf67372",
      "map@9.0.1/src/Map/utils.mo": "0c44db72a226c91483390ce286593d2d92550c28f77ff9b5810992b57fa7c438",
      "map@9.0.1/src/Set/const.mo": "daa2d3cd2e3f59c0793666d5d7be30e097f38bba34d1f818f72672e8ee31ecb3",
      "map@9.0.1/src/Set/lib.mo": "d28b2ac313579d88454ae4d68d17181ab8de0e2d5ecca4df79d4f895a79181ab",
      "map@9.0.1/src/Set/modules/clone.mo": "86986a4f96d731b2881f1ab7281862bf8ee65a8abb4de59f22e72c08272cb856",
      "map@9.0.1/src/Set/modules/find.mo": "3f61a8644f712eda9367ae31a46366b48cb40c2c78b00946448a5fbdcb61acbc",
      "map@9.0.1/src/Set/modules/fromIter.mo": "6d39cf258febd9dba33f34bd8d5c00fdd42308417c1a5ba4bb6de39508dd591e",
      "map@9.0.1/src/Set/modules/get.mo": "1892927614478eb35428238323231b9f52dcea31bdcc129fd5e8359da6752616",
      "map@9.0.1/src/Set/modules/init.mo": "0ae14693721844f6dc6c3f14bcde059fdbb64620ee552c78e8c81bb7579c4361",
      "map@9.0.1/src/Set/modules/iterate.mo": "6288764f10ff9b6cd7d8f637fbed046e344c9b4e26727132a0bda6a824a8251f",
      "map@9.0.1/src/Set/modules/put.mo": "ef25497595c08e4217f5603aa1c16b973e2d31303a58f1e51dc159442b088392",
      "map@9.0.1/src/Set/modules/queue.mo": "d2396b0fdb8531cbdf29200c5dcf1704a0704922c00e0ea8f483b5c2c3ba8b13",
      "map@9.0.1/src/Set/modules/rehash.mo": "133228a3521069233e6b676de05e84fba4f28e3fff63b5dfce1d1a603b4bf609",
      "map@9.0.1/src/Set/modules/remove.mo": "9548e3d1df5b82d68dd469ca6aa30f06d9619ae2ab7068b8344505349b487feb",
      "map@9.0.1/src/Set/modules/toArray.mo": "6d6c3162ba79935d56390dfd4cb3434493b2c121cf09aa3b2a2af9b12e276eed",
      "map@9.0.1/src/Set/types.mo": "2f369ce007b606c416ce5ce3a587624d890899356aa1b8eba324a7f4caea26e6",
      "map@9.0.1/src/Set/utils.mo": "0c44db72a226c91483390ce286593d2d92550c28f77ff9b5810992b57fa7c438",
      "map@9.0.1/test.mo": "1dbf0189e91fe529366dbca96b265728ae4ebedab0072ed3a8e6c1b40b1f2b95"
    },
    "sha2@0.1.6": {
      "sha2@0.1.6/LICENSE": "c71d239df91726fc519c6eb72d318ec65820627232b2f796219e87dcf35d0ab4",
      "sha2@0.1.6/NOTICE": "9e95e2265712704574d13aaa6cab885a11e6ca6d46d70a7dd5286791ed59a1c3",
      "sha2@0.1.6/README.md": "968ade7f520180a097085f468d79a2de8d61b3785057e363ed5117a7eba5a56c",
      "sha2@0.1.6/mops.toml": "d4383b37c01088088e7f3ee9153411a8a653e98949779d7805436da8e012ba6a",
      "sha2@0.1.6/src/Sha256.mo": "dc0d0e5a5950f7786648eee417d1a1a3b8d0e48d1faf48ce4af6378fee6f8453",
      "sha2@0.1.6/src/Sha512.mo": "9983910bc2e8e92dffb58d89607f62cc35a243d6cb5f1bd13076f377d0d8d261"
    },
    "sha3@0.1.1": {
      "sha3@0.1.1/LICENSE": "d8d6d16630a5c26202efdc264fb926154c8c5a19115aff6ee5b21a4defd3d430",
      "sha3@0.1.1/README.md": "80674416dba195c8838a08dc92c0d6f5d03f650fb8be946341acc2b78a5ff058",
      "sha3@0.1.1/mops.toml": "4428621816bdfc3439fba82a9fac23fd306ec13b0473b050d8db46b1fefe9595",
      "sha3@0.1.1/src/lib.mo": "2d5c2314b44572b52efaf68d2d9867e5aae3482c9be4c82001821f6472757243"
    },
    "test@2.1.1": {
      "test@2.1.1/LICENSE": "9323eded2cdf2129732f5b7cd812f350eba0cf68451bb2e1726eaa749b9b1885",
      "test@2.1.1/README.md": "76a5d6bf7756397519adeda163683aa63eb74cc2f2aeb65d383d57edae385af4",
      "test@2.1.1/mops.toml": "9fc0e943832a78a99cfbccd1eea5c2665e93436004384f0903c3caf8b6e5984a",
      "test@2.1.1/src/async.mo": "364d33b3ea035d5b20b14a6df9d2645d45a3dfbcf755a59e1236ecd03c0e6913",
      "test@2.1.1/src/expect/async.mo": "c1518bd82ef8c2def86bc6b5fc1df1691eab9935adacc413cab4fe9f1eda6f4a",
      "test@2.1.1/src/expect/expect-array.mo": "5b640887c2a033c2a2584d4e2a630ac73070fad4eea91ca818f4b077f658e1de",
      "test@2.1.1/src/expect/expect-blob.mo": "0f6d3cb037ac637c8f9e688bf2b22f99104273bcc25ecdd85669505b407f9d85",
      "test@2.1.1/src/expect/expect-bool.mo": "aac09fb62e3e51184233f909ff12275a7a9996d5cb0354b23b644d5ba20b99e0",
      "test@2.1.1/src/expect/expect-call.mo": "8e0b46e6fa1e5b9ccaa04585759c5091a4311a756dd4dbc7d2ffd3f8c4ad7a01",
      "test@2.1.1/src/expect/expect-char.mo": "2d572db5b2b59a3d81bdbcf0e9bb2d0fa6779aaae18c7dcf8f4efbf2fde1d5b1",
      "test@2.1.1/src/expect/expect-int.mo": "b7d775b6b22007978b6e40e37e66f648a356a3dc8b603e3a1db98a3884647c8f",
      "test@2.1.1/src/expect/expect-int16.mo": "41bbbcf2feb6771d1a5cb511dc6036f1e00b4408b4b524d420a13120aea20401",
      "test@2.1.1/src/expect/expect-int32.mo": "bef183e0ce272082d619872a60c75a30567b26db2afd1ca4e56cf6534ef4479f",
      "test@2.1.1/src/expect/expect-int64.mo": "6dc9351d9ce534b16816f51d4e9ddfd0940dbaa1d76fe4e4625260805efdf38a",
      "test@2.1.1/src/expect/expect-int8.mo": "eefce98e69be550fc7edda76d5e3b661fa66e73f88414ec5d7bc66d84fbfe977",
      "test@2.1.1/src/expect/expect-nat.mo": "224f85e3e96eb84d4d7f9828e220816d4792fb1910931b00ecd0699710224a02",
      "test@2.1.1/src/expect/expect-nat16.mo": "3dbf17e08fecd34cab13ebfee97a886173480fdd7a9e1c0ab17bbb2cac67354c",
      "test@2.1.1/src/expect/expect-nat32.mo": "81c025c8d32590c14f6aa454653971cdd75033faa9365a804a91cd13623745ae",
      "test@2.1.1/src/expect/expect-nat64.mo": "9889cabe96ede8b76d61b9a2e625872043d334d4d5d807b389cbdf2d9373d39a",
      "test@2.1.1/src/expect/expect-nat8.mo": "dab31f87a724c88216aa3d2d6b061510cfc56437a906069f3cde707015d73bf1",
      "test@2.1.1/src/expect/expect-option.mo": "b87749f2aea8603ff42b5c2c77c1358c36953f657bfedaee080f2141535480e6",
      "test@2.1.1/src/expect/expect-principal.mo": "298a02574700b7fb507d40b373579ebbfa0eee8c5ec8577a5794ddf3ece687dc",
      "test@2.1.1/src/expect/expect-result.mo": "e88ffb67d5fe0b969e3de4dbdb0129a6441d5431ab76d6493557ef7b724112ef",
      "test@2.1.1/src/expect/expect-text.mo": "b9ec4564c0c0c2254584956107b8ce01e20ed9bdd5ff7c56b7cabaffd1057e9c",
      "test@2.1.1/src/expect/lib.mo": "b74da3928ed8c23c31b5979059f0ac549cd7f09e7a29af9b105d8f9e32e192ed",
      "test@2.1.1/src/expect/utils.mo": "d7e3b792b4ab12455f6ba285f747de1c53d73649105633c5477985a2064894b5",
      "test@2.1.1/src/lib.mo": "f86a9f8a50221e17f6b695ce9d077221b21700e5ebedab51c4d43801adf39026",
      "test@2.1.1/src/utils.mo": "6d197e934f6b57f582d56745b2534e6df97f945fdab484c79b2b43d44c561804"
    }
  }
}